// !$*UTF8*$!
{
	archiveVersion = 1;
	classes = {
	};
	objectVersion = 48;
	objects = {

/* Begin PBXBuildFile section */
		510065621FADC79000D2FCAF /* NotificationsController.swift in Sources */ = {isa = PBXBuildFile; fileRef = 510065611FADC79000D2FCAF /* NotificationsController.swift */; };
		510065641FADCC0600D2FCAF /* MainAppViewController.swift in Sources */ = {isa = PBXBuildFile; fileRef = 510065631FADCC0600D2FCAF /* MainAppViewController.swift */; };
		510065691FADCE7300D2FCAF /* FirebaseAccessObject.swift in Sources */ = {isa = PBXBuildFile; fileRef = 510065681FADCE7300D2FCAF /* FirebaseAccessObject.swift */; };
		5100656C1FADE86A00D2FCAF /* User.swift in Sources */ = {isa = PBXBuildFile; fileRef = 5100656B1FADE86A00D2FCAF /* User.swift */; };
		5100656E1FAE189800D2FCAF /* NotificationType.swift in Sources */ = {isa = PBXBuildFile; fileRef = 5100656D1FAE189800D2FCAF /* NotificationType.swift */; };
		510065701FAE272200D2FCAF /* NotificationItem.swift in Sources */ = {isa = PBXBuildFile; fileRef = 5100656F1FAE272200D2FCAF /* NotificationItem.swift */; };
		51474B5A1FABF3320088BC55 /* AppFileDataAccessObject.swift in Sources */ = {isa = PBXBuildFile; fileRef = 51474B591FABF3320088BC55 /* AppFileDataAccessObject.swift */; };
		51474B5C1FAC9F740088BC55 /* ConfigurationViewController.swift in Sources */ = {isa = PBXBuildFile; fileRef = 51474B5B1FAC9F740088BC55 /* ConfigurationViewController.swift */; };
		5150263F1FA8F7530056FEB7 /* AppDelegate.swift in Sources */ = {isa = PBXBuildFile; fileRef = 5150263E1FA8F7530056FEB7 /* AppDelegate.swift */; };
		515026411FA8F7530056FEB7 /* InitialLoginViewController.swift in Sources */ = {isa = PBXBuildFile; fileRef = 515026401FA8F7530056FEB7 /* InitialLoginViewController.swift */; };
		515026441FA8F7530056FEB7 /* Main.storyboard in Resources */ = {isa = PBXBuildFile; fileRef = 515026421FA8F7530056FEB7 /* Main.storyboard */; };
		515026471FA8F7530056FEB7 /* iLittle.xcdatamodeld in Sources */ = {isa = PBXBuildFile; fileRef = 515026451FA8F7530056FEB7 /* iLittle.xcdatamodeld */; };
		515026491FA8F7530056FEB7 /* Assets.xcassets in Resources */ = {isa = PBXBuildFile; fileRef = 515026481FA8F7530056FEB7 /* Assets.xcassets */; };
		5150264C1FA8F7530056FEB7 /* LaunchScreen.storyboard in Resources */ = {isa = PBXBuildFile; fileRef = 5150264A1FA8F7530056FEB7 /* LaunchScreen.storyboard */; };
		515026571FA8F7530056FEB7 /* iLittleTests.swift in Sources */ = {isa = PBXBuildFile; fileRef = 515026561FA8F7530056FEB7 /* iLittleTests.swift */; };
		515026621FA8F7530056FEB7 /* iLittleUITests.swift in Sources */ = {isa = PBXBuildFile; fileRef = 515026611FA8F7530056FEB7 /* iLittleUITests.swift */; };
		515026701FA8F8100056FEB7 /* GoogleService-Info.plist in Resources */ = {isa = PBXBuildFile; fileRef = 5150266F1FA8F80F0056FEB7 /* GoogleService-Info.plist */; };
		515026721FA913AA0056FEB7 /* .gitignore in Resources */ = {isa = PBXBuildFile; fileRef = 515026711FA913A90056FEB7 /* .gitignore */; };
		51990DD21FACF1FF00DE7A79 /* ConfigurationCollectionViewCell.swift in Sources */ = {isa = PBXBuildFile; fileRef = 51990DD01FACF1FF00DE7A79 /* ConfigurationCollectionViewCell.swift */; };
		51990DD31FACF1FF00DE7A79 /* ConfigurationCollectionViewCell.xib in Resources */ = {isa = PBXBuildFile; fileRef = 51990DD11FACF1FF00DE7A79 /* ConfigurationCollectionViewCell.xib */; };
		519A730E1FAE6B6E007879FD /* MainNotificationCollectionViewCell.swift in Sources */ = {isa = PBXBuildFile; fileRef = 519A730C1FAE6B6E007879FD /* MainNotificationCollectionViewCell.swift */; };
		519A730F1FAE6B6E007879FD /* MainNotificationCollectionViewCell.xib in Resources */ = {isa = PBXBuildFile; fileRef = 519A730D1FAE6B6E007879FD /* MainNotificationCollectionViewCell.xib */; };
		519A73131FAFB21A007879FD /* Config.swift in Sources */ = {isa = PBXBuildFile; fileRef = 519A73121FAFB21A007879FD /* Config.swift */; };
		79AC724C2799CF0AF83F2CD4 /* Pods_iLittle.framework in Frameworks */ = {isa = PBXBuildFile; fileRef = 2DC7C424DC9AC52FE8C73A76 /* Pods_iLittle.framework */; };
		9960213033ED4A75B12C6634 /* Pods_iLittleUITests.framework in Frameworks */ = {isa = PBXBuildFile; fileRef = E92D8B68DDB1840DA82A80A0 /* Pods_iLittleUITests.framework */; };
		BB40EF2AD959D2EA7A205419 /* Pods_iLittleTests.framework in Frameworks */ = {isa = PBXBuildFile; fileRef = 5BA2E2AC2A76B09073B92AED /* Pods_iLittleTests.framework */; };
/* End PBXBuildFile section */

/* Begin PBXContainerItemProxy section */
		515026531FA8F7530056FEB7 /* PBXContainerItemProxy */ = {
			isa = PBXContainerItemProxy;
			containerPortal = 515026331FA8F7530056FEB7 /* Project object */;
			proxyType = 1;
			remoteGlobalIDString = 5150263A1FA8F7530056FEB7;
			remoteInfo = iLittle;
		};
		5150265E1FA8F7530056FEB7 /* PBXContainerItemProxy */ = {
			isa = PBXContainerItemProxy;
			containerPortal = 515026331FA8F7530056FEB7 /* Project object */;
			proxyType = 1;
			remoteGlobalIDString = 5150263A1FA8F7530056FEB7;
			remoteInfo = iLittle;
		};
/* End PBXContainerItemProxy section */

/* Begin PBXFileReference section */
		21B9B533F1D0A9091EA186F0 /* Pods-iLittleTests.debug.xcconfig */ = {isa = PBXFileReference; includeInIndex = 1; lastKnownFileType = text.xcconfig; name = "Pods-iLittleTests.debug.xcconfig"; path = "Pods/Target Support Files/Pods-iLittleTests/Pods-iLittleTests.debug.xcconfig"; sourceTree = "<group>"; };
		2DC7C424DC9AC52FE8C73A76 /* Pods_iLittle.framework */ = {isa = PBXFileReference; explicitFileType = wrapper.framework; includeInIndex = 0; path = Pods_iLittle.framework; sourceTree = BUILT_PRODUCTS_DIR; };
		4B6A531D7FEF5725F3377C35 /* Pods-iLittle.release.xcconfig */ = {isa = PBXFileReference; includeInIndex = 1; lastKnownFileType = text.xcconfig; name = "Pods-iLittle.release.xcconfig"; path = "Pods/Target Support Files/Pods-iLittle/Pods-iLittle.release.xcconfig"; sourceTree = "<group>"; };
		510065611FADC79000D2FCAF /* NotificationsController.swift */ = {isa = PBXFileReference; lastKnownFileType = sourcecode.swift; path = NotificationsController.swift; sourceTree = "<group>"; };
		510065631FADCC0600D2FCAF /* MainAppViewController.swift */ = {isa = PBXFileReference; lastKnownFileType = sourcecode.swift; path = MainAppViewController.swift; sourceTree = "<group>"; };
		510065681FADCE7300D2FCAF /* FirebaseAccessObject.swift */ = {isa = PBXFileReference; lastKnownFileType = sourcecode.swift; path = FirebaseAccessObject.swift; sourceTree = "<group>"; };
		5100656B1FADE86A00D2FCAF /* User.swift */ = {isa = PBXFileReference; lastKnownFileType = sourcecode.swift; path = User.swift; sourceTree = "<group>"; };
		5100656D1FAE189800D2FCAF /* NotificationType.swift */ = {isa = PBXFileReference; lastKnownFileType = sourcecode.swift; path = NotificationType.swift; sourceTree = "<group>"; };
		5100656F1FAE272200D2FCAF /* NotificationItem.swift */ = {isa = PBXFileReference; fileEncoding = 4; lastKnownFileType = sourcecode.swift; path = NotificationItem.swift; sourceTree = "<group>"; };
		51474B591FABF3320088BC55 /* AppFileDataAccessObject.swift */ = {isa = PBXFileReference; lastKnownFileType = sourcecode.swift; path = AppFileDataAccessObject.swift; sourceTree = "<group>"; };
		51474B5B1FAC9F740088BC55 /* ConfigurationViewController.swift */ = {isa = PBXFileReference; lastKnownFileType = sourcecode.swift; path = ConfigurationViewController.swift; sourceTree = "<group>"; };
		5150263B1FA8F7530056FEB7 /* iLittle.app */ = {isa = PBXFileReference; explicitFileType = wrapper.application; includeInIndex = 0; path = iLittle.app; sourceTree = BUILT_PRODUCTS_DIR; };
		5150263E1FA8F7530056FEB7 /* AppDelegate.swift */ = {isa = PBXFileReference; lastKnownFileType = sourcecode.swift; path = AppDelegate.swift; sourceTree = "<group>"; };
		515026401FA8F7530056FEB7 /* InitialLoginViewController.swift */ = {isa = PBXFileReference; lastKnownFileType = sourcecode.swift; path = InitialLoginViewController.swift; sourceTree = "<group>"; };
		515026431FA8F7530056FEB7 /* Base */ = {isa = PBXFileReference; lastKnownFileType = file.storyboard; name = Base; path = Base.lproj/Main.storyboard; sourceTree = "<group>"; };
		515026461FA8F7530056FEB7 /* iLittle.xcdatamodel */ = {isa = PBXFileReference; lastKnownFileType = wrapper.xcdatamodel; path = iLittle.xcdatamodel; sourceTree = "<group>"; };
		515026481FA8F7530056FEB7 /* Assets.xcassets */ = {isa = PBXFileReference; lastKnownFileType = folder.assetcatalog; path = Assets.xcassets; sourceTree = "<group>"; };
		5150264B1FA8F7530056FEB7 /* Base */ = {isa = PBXFileReference; lastKnownFileType = file.storyboard; name = Base; path = Base.lproj/LaunchScreen.storyboard; sourceTree = "<group>"; };
		5150264D1FA8F7530056FEB7 /* Info.plist */ = {isa = PBXFileReference; lastKnownFileType = text.plist.xml; path = Info.plist; sourceTree = "<group>"; };
		515026521FA8F7530056FEB7 /* iLittleTests.xctest */ = {isa = PBXFileReference; explicitFileType = wrapper.cfbundle; includeInIndex = 0; path = iLittleTests.xctest; sourceTree = BUILT_PRODUCTS_DIR; };
		515026561FA8F7530056FEB7 /* iLittleTests.swift */ = {isa = PBXFileReference; lastKnownFileType = sourcecode.swift; path = iLittleTests.swift; sourceTree = "<group>"; };
		515026581FA8F7530056FEB7 /* Info.plist */ = {isa = PBXFileReference; lastKnownFileType = text.plist.xml; path = Info.plist; sourceTree = "<group>"; };
		5150265D1FA8F7530056FEB7 /* iLittleUITests.xctest */ = {isa = PBXFileReference; explicitFileType = wrapper.cfbundle; includeInIndex = 0; path = iLittleUITests.xctest; sourceTree = BUILT_PRODUCTS_DIR; };
		515026611FA8F7530056FEB7 /* iLittleUITests.swift */ = {isa = PBXFileReference; lastKnownFileType = sourcecode.swift; path = iLittleUITests.swift; sourceTree = "<group>"; };
		515026631FA8F7530056FEB7 /* Info.plist */ = {isa = PBXFileReference; lastKnownFileType = text.plist.xml; path = Info.plist; sourceTree = "<group>"; };
		5150266F1FA8F80F0056FEB7 /* GoogleService-Info.plist */ = {isa = PBXFileReference; fileEncoding = 4; lastKnownFileType = text.plist.xml; path = "GoogleService-Info.plist"; sourceTree = "<group>"; };
		515026711FA913A90056FEB7 /* .gitignore */ = {isa = PBXFileReference; fileEncoding = 4; lastKnownFileType = text; path = .gitignore; sourceTree = "<group>"; };
		51990DD01FACF1FF00DE7A79 /* ConfigurationCollectionViewCell.swift */ = {isa = PBXFileReference; lastKnownFileType = sourcecode.swift; path = ConfigurationCollectionViewCell.swift; sourceTree = "<group>"; };
		51990DD11FACF1FF00DE7A79 /* ConfigurationCollectionViewCell.xib */ = {isa = PBXFileReference; lastKnownFileType = file.xib; path = ConfigurationCollectionViewCell.xib; sourceTree = "<group>"; };
		519A730C1FAE6B6E007879FD /* MainNotificationCollectionViewCell.swift */ = {isa = PBXFileReference; lastKnownFileType = sourcecode.swift; path = MainNotificationCollectionViewCell.swift; sourceTree = "<group>"; };
		519A730D1FAE6B6E007879FD /* MainNotificationCollectionViewCell.xib */ = {isa = PBXFileReference; lastKnownFileType = file.xib; path = MainNotificationCollectionViewCell.xib; sourceTree = "<group>"; };
		519A73121FAFB21A007879FD /* Config.swift */ = {isa = PBXFileReference; lastKnownFileType = sourcecode.swift; path = Config.swift; sourceTree = "<group>"; };
		5A6297D159C159936A3DC384 /* Pods-iLittleUITests.debug.xcconfig */ = {isa = PBXFileReference; includeInIndex = 1; lastKnownFileType = text.xcconfig; name = "Pods-iLittleUITests.debug.xcconfig"; path = "Pods/Target Support Files/Pods-iLittleUITests/Pods-iLittleUITests.debug.xcconfig"; sourceTree = "<group>"; };
		5BA2E2AC2A76B09073B92AED /* Pods_iLittleTests.framework */ = {isa = PBXFileReference; explicitFileType = wrapper.framework; includeInIndex = 0; path = Pods_iLittleTests.framework; sourceTree = BUILT_PRODUCTS_DIR; };
		99E2332B8BAF1E88D41825D9 /* Pods-iLittleTests.release.xcconfig */ = {isa = PBXFileReference; includeInIndex = 1; lastKnownFileType = text.xcconfig; name = "Pods-iLittleTests.release.xcconfig"; path = "Pods/Target Support Files/Pods-iLittleTests/Pods-iLittleTests.release.xcconfig"; sourceTree = "<group>"; };
		AE62FCACFACF3FE56965EFA6 /* Pods-iLittleUITests.release.xcconfig */ = {isa = PBXFileReference; includeInIndex = 1; lastKnownFileType = text.xcconfig; name = "Pods-iLittleUITests.release.xcconfig"; path = "Pods/Target Support Files/Pods-iLittleUITests/Pods-iLittleUITests.release.xcconfig"; sourceTree = "<group>"; };
		C34F1803190D6849337FF116 /* Pods-iLittle.debug.xcconfig */ = {isa = PBXFileReference; includeInIndex = 1; lastKnownFileType = text.xcconfig; name = "Pods-iLittle.debug.xcconfig"; path = "Pods/Target Support Files/Pods-iLittle/Pods-iLittle.debug.xcconfig"; sourceTree = "<group>"; };
		E92D8B68DDB1840DA82A80A0 /* Pods_iLittleUITests.framework */ = {isa = PBXFileReference; explicitFileType = wrapper.framework; includeInIndex = 0; path = Pods_iLittleUITests.framework; sourceTree = BUILT_PRODUCTS_DIR; };
/* End PBXFileReference section */

/* Begin PBXFrameworksBuildPhase section */
		515026381FA8F7530056FEB7 /* Frameworks */ = {
			isa = PBXFrameworksBuildPhase;
			buildActionMask = 2147483647;
			files = (
				79AC724C2799CF0AF83F2CD4 /* Pods_iLittle.framework in Frameworks */,
			);
			runOnlyForDeploymentPostprocessing = 0;
		};
		5150264F1FA8F7530056FEB7 /* Frameworks */ = {
			isa = PBXFrameworksBuildPhase;
			buildActionMask = 2147483647;
			files = (
				BB40EF2AD959D2EA7A205419 /* Pods_iLittleTests.framework in Frameworks */,
			);
			runOnlyForDeploymentPostprocessing = 0;
		};
		5150265A1FA8F7530056FEB7 /* Frameworks */ = {
			isa = PBXFrameworksBuildPhase;
			buildActionMask = 2147483647;
			files = (
				9960213033ED4A75B12C6634 /* Pods_iLittleUITests.framework in Frameworks */,
			);
			runOnlyForDeploymentPostprocessing = 0;
		};
/* End PBXFrameworksBuildPhase section */

/* Begin PBXGroup section */
		4B493CF9A44798E17C3E0712 /* Frameworks */ = {
			isa = PBXGroup;
			children = (
				2DC7C424DC9AC52FE8C73A76 /* Pods_iLittle.framework */,
				5BA2E2AC2A76B09073B92AED /* Pods_iLittleTests.framework */,
				E92D8B68DDB1840DA82A80A0 /* Pods_iLittleUITests.framework */,
			);
			name = Frameworks;
			sourceTree = "<group>";
		};
		510065651FADCC4800D2FCAF /* bl */ = {
			isa = PBXGroup;
			children = (
				510065611FADC79000D2FCAF /* NotificationsController.swift */,
				51474B591FABF3320088BC55 /* AppFileDataAccessObject.swift */,
				510065681FADCE7300D2FCAF /* FirebaseAccessObject.swift */,
			);
			path = bl;
			sourceTree = "<group>";
		};
		510065661FADCC8300D2FCAF /* model */ = {
			isa = PBXGroup;
			children = (
				5100656F1FAE272200D2FCAF /* NotificationItem.swift */,
				5100656B1FADE86A00D2FCAF /* User.swift */,
				5100656D1FAE189800D2FCAF /* NotificationType.swift */,
			);
			path = model;
			sourceTree = "<group>";
		};
		510065671FADCC9F00D2FCAF /* viewcontrollers */ = {
			isa = PBXGroup;
			children = (
				515026401FA8F7530056FEB7 /* InitialLoginViewController.swift */,
				51474B5B1FAC9F740088BC55 /* ConfigurationViewController.swift */,
				510065631FADCC0600D2FCAF /* MainAppViewController.swift */,
			);
			path = viewcontrollers;
			sourceTree = "<group>";
		};
		5100656A1FADCF2B00D2FCAF /* customviews */ = {
			isa = PBXGroup;
			children = (
				51990DD01FACF1FF00DE7A79 /* ConfigurationCollectionViewCell.swift */,
				519A730C1FAE6B6E007879FD /* MainNotificationCollectionViewCell.swift */,
			);
			path = customviews;
			sourceTree = "<group>";
		};
		515026321FA8F7530056FEB7 = {
			isa = PBXGroup;
			children = (
				515026711FA913A90056FEB7 /* .gitignore */,
				5150263D1FA8F7530056FEB7 /* iLittle */,
				515026551FA8F7530056FEB7 /* iLittleTests */,
				515026601FA8F7530056FEB7 /* iLittleUITests */,
				5150263C1FA8F7530056FEB7 /* Products */,
				8234CE7E3BD527869AAEF55C /* Pods */,
				4B493CF9A44798E17C3E0712 /* Frameworks */,
			);
			sourceTree = "<group>";
		};
		5150263C1FA8F7530056FEB7 /* Products */ = {
			isa = PBXGroup;
			children = (
				5150263B1FA8F7530056FEB7 /* iLittle.app */,
				515026521FA8F7530056FEB7 /* iLittleTests.xctest */,
				5150265D1FA8F7530056FEB7 /* iLittleUITests.xctest */,
			);
			name = Products;
			sourceTree = "<group>";
		};
		5150263D1FA8F7530056FEB7 /* iLittle */ = {
			isa = PBXGroup;
			children = (
				5150263E1FA8F7530056FEB7 /* AppDelegate.swift */,
				519A73121FAFB21A007879FD /* Config.swift */,
				5100656A1FADCF2B00D2FCAF /* customviews */,
				510065671FADCC9F00D2FCAF /* viewcontrollers */,
				510065661FADCC8300D2FCAF /* model */,
				510065651FADCC4800D2FCAF /* bl */,
				515026421FA8F7530056FEB7 /* Main.storyboard */,
				519A730D1FAE6B6E007879FD /* MainNotificationCollectionViewCell.xib */,
				51990DD11FACF1FF00DE7A79 /* ConfigurationCollectionViewCell.xib */,
				515026481FA8F7530056FEB7 /* Assets.xcassets */,
				5150264A1FA8F7530056FEB7 /* LaunchScreen.storyboard */,
				5150264D1FA8F7530056FEB7 /* Info.plist */,
				515026451FA8F7530056FEB7 /* iLittle.xcdatamodeld */,
				5150266F1FA8F80F0056FEB7 /* GoogleService-Info.plist */,
			);
			path = iLittle;
			sourceTree = "<group>";
		};
		515026551FA8F7530056FEB7 /* iLittleTests */ = {
			isa = PBXGroup;
			children = (
				515026561FA8F7530056FEB7 /* iLittleTests.swift */,
				515026581FA8F7530056FEB7 /* Info.plist */,
			);
			path = iLittleTests;
			sourceTree = "<group>";
		};
		515026601FA8F7530056FEB7 /* iLittleUITests */ = {
			isa = PBXGroup;
			children = (
				515026611FA8F7530056FEB7 /* iLittleUITests.swift */,
				515026631FA8F7530056FEB7 /* Info.plist */,
			);
			path = iLittleUITests;
			sourceTree = "<group>";
		};
		8234CE7E3BD527869AAEF55C /* Pods */ = {
			isa = PBXGroup;
			children = (
				C34F1803190D6849337FF116 /* Pods-iLittle.debug.xcconfig */,
				4B6A531D7FEF5725F3377C35 /* Pods-iLittle.release.xcconfig */,
				21B9B533F1D0A9091EA186F0 /* Pods-iLittleTests.debug.xcconfig */,
				99E2332B8BAF1E88D41825D9 /* Pods-iLittleTests.release.xcconfig */,
				5A6297D159C159936A3DC384 /* Pods-iLittleUITests.debug.xcconfig */,
				AE62FCACFACF3FE56965EFA6 /* Pods-iLittleUITests.release.xcconfig */,
			);
			name = Pods;
			sourceTree = "<group>";
		};
/* End PBXGroup section */

/* Begin PBXNativeTarget section */
		5150263A1FA8F7530056FEB7 /* iLittle */ = {
			isa = PBXNativeTarget;
			buildConfigurationList = 515026661FA8F7530056FEB7 /* Build configuration list for PBXNativeTarget "iLittle" */;
			buildPhases = (
				95F33AB0FF5F54755D8BD211 /* [CP] Check Pods Manifest.lock */,
				515026371FA8F7530056FEB7 /* Sources */,
				515026381FA8F7530056FEB7 /* Frameworks */,
				515026391FA8F7530056FEB7 /* Resources */,
				CF6AF7E2B39DC73204D2EFF6 /* [CP] Embed Pods Frameworks */,
				042F9EB8914725201F6B3824 /* [CP] Copy Pods Resources */,
			);
			buildRules = (
			);
			dependencies = (
			);
			name = iLittle;
			productName = iLittle;
			productReference = 5150263B1FA8F7530056FEB7 /* iLittle.app */;
			productType = "com.apple.product-type.application";
		};
		515026511FA8F7530056FEB7 /* iLittleTests */ = {
			isa = PBXNativeTarget;
			buildConfigurationList = 515026691FA8F7530056FEB7 /* Build configuration list for PBXNativeTarget "iLittleTests" */;
			buildPhases = (
				829953053FFAD9429B1ADA49 /* [CP] Check Pods Manifest.lock */,
				5150264E1FA8F7530056FEB7 /* Sources */,
				5150264F1FA8F7530056FEB7 /* Frameworks */,
				515026501FA8F7530056FEB7 /* Resources */,
				1385AD9AB87ADC3192DB82C4 /* [CP] Embed Pods Frameworks */,
				ABDE8E4DAA5702B4A908FDA3 /* [CP] Copy Pods Resources */,
			);
			buildRules = (
			);
			dependencies = (
				515026541FA8F7530056FEB7 /* PBXTargetDependency */,
			);
			name = iLittleTests;
			productName = iLittleTests;
			productReference = 515026521FA8F7530056FEB7 /* iLittleTests.xctest */;
			productType = "com.apple.product-type.bundle.unit-test";
		};
		5150265C1FA8F7530056FEB7 /* iLittleUITests */ = {
			isa = PBXNativeTarget;
			buildConfigurationList = 5150266C1FA8F7530056FEB7 /* Build configuration list for PBXNativeTarget "iLittleUITests" */;
			buildPhases = (
				C5867345076FEFB124602462 /* [CP] Check Pods Manifest.lock */,
				515026591FA8F7530056FEB7 /* Sources */,
				5150265A1FA8F7530056FEB7 /* Frameworks */,
				5150265B1FA8F7530056FEB7 /* Resources */,
				7A4D77535D5889067911C8E5 /* [CP] Embed Pods Frameworks */,
				F25C1BF1B9B2D91DDC4502C8 /* [CP] Copy Pods Resources */,
			);
			buildRules = (
			);
			dependencies = (
				5150265F1FA8F7530056FEB7 /* PBXTargetDependency */,
			);
			name = iLittleUITests;
			productName = iLittleUITests;
			productReference = 5150265D1FA8F7530056FEB7 /* iLittleUITests.xctest */;
			productType = "com.apple.product-type.bundle.ui-testing";
		};
/* End PBXNativeTarget section */

/* Begin PBXProject section */
		515026331FA8F7530056FEB7 /* Project object */ = {
			isa = PBXProject;
			attributes = {
				LastSwiftUpdateCheck = 0900;
				LastUpgradeCheck = 0900;
				ORGANIZATIONNAME = rony_temp;
				TargetAttributes = {
					5150263A1FA8F7530056FEB7 = {
						CreatedOnToolsVersion = 9.0.1;
						ProvisioningStyle = Automatic;
					};
					515026511FA8F7530056FEB7 = {
						CreatedOnToolsVersion = 9.0.1;
						ProvisioningStyle = Automatic;
						TestTargetID = 5150263A1FA8F7530056FEB7;
					};
					5150265C1FA8F7530056FEB7 = {
						CreatedOnToolsVersion = 9.0.1;
						ProvisioningStyle = Automatic;
						TestTargetID = 5150263A1FA8F7530056FEB7;
					};
				};
			};
			buildConfigurationList = 515026361FA8F7530056FEB7 /* Build configuration list for PBXProject "iLittle" */;
			compatibilityVersion = "Xcode 8.0";
			developmentRegion = en;
			hasScannedForEncodings = 0;
			knownRegions = (
				en,
				Base,
			);
			mainGroup = 515026321FA8F7530056FEB7;
			productRefGroup = 5150263C1FA8F7530056FEB7 /* Products */;
			projectDirPath = "";
			projectRoot = "";
			targets = (
				5150263A1FA8F7530056FEB7 /* iLittle */,
				515026511FA8F7530056FEB7 /* iLittleTests */,
				5150265C1FA8F7530056FEB7 /* iLittleUITests */,
			);
		};
/* End PBXProject section */

/* Begin PBXResourcesBuildPhase section */
		515026391FA8F7530056FEB7 /* Resources */ = {
			isa = PBXResourcesBuildPhase;
			buildActionMask = 2147483647;
			files = (
				515026721FA913AA0056FEB7 /* .gitignore in Resources */,
				5150264C1FA8F7530056FEB7 /* LaunchScreen.storyboard in Resources */,
				51990DD31FACF1FF00DE7A79 /* ConfigurationCollectionViewCell.xib in Resources */,
				519A730F1FAE6B6E007879FD /* MainNotificationCollectionViewCell.xib in Resources */,
				515026701FA8F8100056FEB7 /* GoogleService-Info.plist in Resources */,
				515026491FA8F7530056FEB7 /* Assets.xcassets in Resources */,
				515026441FA8F7530056FEB7 /* Main.storyboard in Resources */,
			);
			runOnlyForDeploymentPostprocessing = 0;
		};
		515026501FA8F7530056FEB7 /* Resources */ = {
			isa = PBXResourcesBuildPhase;
			buildActionMask = 2147483647;
			files = (
			);
			runOnlyForDeploymentPostprocessing = 0;
		};
		5150265B1FA8F7530056FEB7 /* Resources */ = {
			isa = PBXResourcesBuildPhase;
			buildActionMask = 2147483647;
			files = (
			);
			runOnlyForDeploymentPostprocessing = 0;
		};
/* End PBXResourcesBuildPhase section */

/* Begin PBXShellScriptBuildPhase section */
		042F9EB8914725201F6B3824 /* [CP] Copy Pods Resources */ = {
			isa = PBXShellScriptBuildPhase;
			buildActionMask = 2147483647;
			files = (
			);
			inputPaths = (
			);
			name = "[CP] Copy Pods Resources";
			outputPaths = (
			);
			runOnlyForDeploymentPostprocessing = 0;
			shellPath = /bin/sh;
			shellScript = "\"${SRCROOT}/Pods/Target Support Files/Pods-iLittle/Pods-iLittle-resources.sh\"\n";
			showEnvVarsInLog = 0;
		};
		1385AD9AB87ADC3192DB82C4 /* [CP] Embed Pods Frameworks */ = {
			isa = PBXShellScriptBuildPhase;
			buildActionMask = 2147483647;
			files = (
			);
			inputPaths = (
			);
			name = "[CP] Embed Pods Frameworks";
			outputPaths = (
			);
			runOnlyForDeploymentPostprocessing = 0;
			shellPath = /bin/sh;
			shellScript = "\"${SRCROOT}/Pods/Target Support Files/Pods-iLittleTests/Pods-iLittleTests-frameworks.sh\"\n";
			showEnvVarsInLog = 0;
		};
		7A4D77535D5889067911C8E5 /* [CP] Embed Pods Frameworks */ = {
			isa = PBXShellScriptBuildPhase;
			buildActionMask = 2147483647;
			files = (
			);
			inputPaths = (
			);
			name = "[CP] Embed Pods Frameworks";
			outputPaths = (
			);
			runOnlyForDeploymentPostprocessing = 0;
			shellPath = /bin/sh;
			shellScript = "\"${SRCROOT}/Pods/Target Support Files/Pods-iLittleUITests/Pods-iLittleUITests-frameworks.sh\"\n";
			showEnvVarsInLog = 0;
		};
		829953053FFAD9429B1ADA49 /* [CP] Check Pods Manifest.lock */ = {
			isa = PBXShellScriptBuildPhase;
			buildActionMask = 2147483647;
			files = (
			);
			inputPaths = (
				"${PODS_PODFILE_DIR_PATH}/Podfile.lock",
				"${PODS_ROOT}/Manifest.lock",
			);
			name = "[CP] Check Pods Manifest.lock";
			outputPaths = (
				"$(DERIVED_FILE_DIR)/Pods-iLittleTests-checkManifestLockResult.txt",
			);
			runOnlyForDeploymentPostprocessing = 0;
			shellPath = /bin/sh;
			shellScript = "diff \"${PODS_PODFILE_DIR_PATH}/Podfile.lock\" \"${PODS_ROOT}/Manifest.lock\" > /dev/null\nif [ $? != 0 ] ; then\n    # print error to STDERR\n    echo \"error: The sandbox is not in sync with the Podfile.lock. Run 'pod install' or update your CocoaPods installation.\" >&2\n    exit 1\nfi\n# This output is used by Xcode 'outputs' to avoid re-running this script phase.\necho \"SUCCESS\" > \"${SCRIPT_OUTPUT_FILE_0}\"\n";
			showEnvVarsInLog = 0;
		};
		95F33AB0FF5F54755D8BD211 /* [CP] Check Pods Manifest.lock */ = {
			isa = PBXShellScriptBuildPhase;
			buildActionMask = 2147483647;
			files = (
			);
			inputPaths = (
				"${PODS_PODFILE_DIR_PATH}/Podfile.lock",
				"${PODS_ROOT}/Manifest.lock",
			);
			name = "[CP] Check Pods Manifest.lock";
			outputPaths = (
				"$(DERIVED_FILE_DIR)/Pods-iLittle-checkManifestLockResult.txt",
			);
			runOnlyForDeploymentPostprocessing = 0;
			shellPath = /bin/sh;
			shellScript = "diff \"${PODS_PODFILE_DIR_PATH}/Podfile.lock\" \"${PODS_ROOT}/Manifest.lock\" > /dev/null\nif [ $? != 0 ] ; then\n    # print error to STDERR\n    echo \"error: The sandbox is not in sync with the Podfile.lock. Run 'pod install' or update your CocoaPods installation.\" >&2\n    exit 1\nfi\n# This output is used by Xcode 'outputs' to avoid re-running this script phase.\necho \"SUCCESS\" > \"${SCRIPT_OUTPUT_FILE_0}\"\n";
			showEnvVarsInLog = 0;
		};
		ABDE8E4DAA5702B4A908FDA3 /* [CP] Copy Pods Resources */ = {
			isa = PBXShellScriptBuildPhase;
			buildActionMask = 2147483647;
			files = (
			);
			inputPaths = (
			);
			name = "[CP] Copy Pods Resources";
			outputPaths = (
			);
			runOnlyForDeploymentPostprocessing = 0;
			shellPath = /bin/sh;
			shellScript = "\"${SRCROOT}/Pods/Target Support Files/Pods-iLittleTests/Pods-iLittleTests-resources.sh\"\n";
			showEnvVarsInLog = 0;
		};
		C5867345076FEFB124602462 /* [CP] Check Pods Manifest.lock */ = {
			isa = PBXShellScriptBuildPhase;
			buildActionMask = 2147483647;
			files = (
			);
			inputPaths = (
				"${PODS_PODFILE_DIR_PATH}/Podfile.lock",
				"${PODS_ROOT}/Manifest.lock",
			);
			name = "[CP] Check Pods Manifest.lock";
			outputPaths = (
				"$(DERIVED_FILE_DIR)/Pods-iLittleUITests-checkManifestLockResult.txt",
			);
			runOnlyForDeploymentPostprocessing = 0;
			shellPath = /bin/sh;
			shellScript = "diff \"${PODS_PODFILE_DIR_PATH}/Podfile.lock\" \"${PODS_ROOT}/Manifest.lock\" > /dev/null\nif [ $? != 0 ] ; then\n    # print error to STDERR\n    echo \"error: The sandbox is not in sync with the Podfile.lock. Run 'pod install' or update your CocoaPods installation.\" >&2\n    exit 1\nfi\n# This output is used by Xcode 'outputs' to avoid re-running this script phase.\necho \"SUCCESS\" > \"${SCRIPT_OUTPUT_FILE_0}\"\n";
			showEnvVarsInLog = 0;
		};
		CF6AF7E2B39DC73204D2EFF6 /* [CP] Embed Pods Frameworks */ = {
			isa = PBXShellScriptBuildPhase;
			buildActionMask = 2147483647;
			files = (
			);
			inputPaths = (
				"${SRCROOT}/Pods/Target Support Files/Pods-iLittle/Pods-iLittle-frameworks.sh",
				"${BUILT_PRODUCTS_DIR}/GTMSessionFetcher/GTMSessionFetcher.framework",
				"${BUILT_PRODUCTS_DIR}/GoogleToolboxForMac/GoogleToolboxForMac.framework",
				"${BUILT_PRODUCTS_DIR}/leveldb-library/leveldb.framework",
				"${BUILT_PRODUCTS_DIR}/nanopb/nanopb.framework",
			);
			name = "[CP] Embed Pods Frameworks";
			outputPaths = (
				"${TARGET_BUILD_DIR}/${FRAMEWORKS_FOLDER_PATH}/GTMSessionFetcher.framework",
				"${TARGET_BUILD_DIR}/${FRAMEWORKS_FOLDER_PATH}/GoogleToolboxForMac.framework",
				"${TARGET_BUILD_DIR}/${FRAMEWORKS_FOLDER_PATH}/leveldb.framework",
				"${TARGET_BUILD_DIR}/${FRAMEWORKS_FOLDER_PATH}/nanopb.framework",
			);
			runOnlyForDeploymentPostprocessing = 0;
			shellPath = /bin/sh;
			shellScript = "\"${SRCROOT}/Pods/Target Support Files/Pods-iLittle/Pods-iLittle-frameworks.sh\"\n";
			showEnvVarsInLog = 0;
		};
		F25C1BF1B9B2D91DDC4502C8 /* [CP] Copy Pods Resources */ = {
			isa = PBXShellScriptBuildPhase;
			buildActionMask = 2147483647;
			files = (
			);
			inputPaths = (
			);
			name = "[CP] Copy Pods Resources";
			outputPaths = (
			);
			runOnlyForDeploymentPostprocessing = 0;
			shellPath = /bin/sh;
			shellScript = "\"${SRCROOT}/Pods/Target Support Files/Pods-iLittleUITests/Pods-iLittleUITests-resources.sh\"\n";
			showEnvVarsInLog = 0;
		};
/* End PBXShellScriptBuildPhase section */

/* Begin PBXSourcesBuildPhase section */
		515026371FA8F7530056FEB7 /* Sources */ = {
			isa = PBXSourcesBuildPhase;
			buildActionMask = 2147483647;
			files = (
				515026411FA8F7530056FEB7 /* InitialLoginViewController.swift in Sources */,
				510065641FADCC0600D2FCAF /* MainAppViewController.swift in Sources */,
				5150263F1FA8F7530056FEB7 /* AppDelegate.swift in Sources */,
				519A73131FAFB21A007879FD /* Config.swift in Sources */,
				51990DD21FACF1FF00DE7A79 /* ConfigurationCollectionViewCell.swift in Sources */,
				510065701FAE272200D2FCAF /* NotificationItem.swift in Sources */,
				515026471FA8F7530056FEB7 /* iLittle.xcdatamodeld in Sources */,
				51474B5A1FABF3320088BC55 /* AppFileDataAccessObject.swift in Sources */,
				510065621FADC79000D2FCAF /* NotificationsController.swift in Sources */,
				51474B5C1FAC9F740088BC55 /* ConfigurationViewController.swift in Sources */,
				510065691FADCE7300D2FCAF /* FirebaseAccessObject.swift in Sources */,
				5100656E1FAE189800D2FCAF /* NotificationType.swift in Sources */,
				519A730E1FAE6B6E007879FD /* MainNotificationCollectionViewCell.swift in Sources */,
				5100656C1FADE86A00D2FCAF /* User.swift in Sources */,
			);
			runOnlyForDeploymentPostprocessing = 0;
		};
		5150264E1FA8F7530056FEB7 /* Sources */ = {
			isa = PBXSourcesBuildPhase;
			buildActionMask = 2147483647;
			files = (
				515026571FA8F7530056FEB7 /* iLittleTests.swift in Sources */,
			);
			runOnlyForDeploymentPostprocessing = 0;
		};
		515026591FA8F7530056FEB7 /* Sources */ = {
			isa = PBXSourcesBuildPhase;
			buildActionMask = 2147483647;
			files = (
				515026621FA8F7530056FEB7 /* iLittleUITests.swift in Sources */,
			);
			runOnlyForDeploymentPostprocessing = 0;
		};
/* End PBXSourcesBuildPhase section */

/* Begin PBXTargetDependency section */
		515026541FA8F7530056FEB7 /* PBXTargetDependency */ = {
			isa = PBXTargetDependency;
			target = 5150263A1FA8F7530056FEB7 /* iLittle */;
			targetProxy = 515026531FA8F7530056FEB7 /* PBXContainerItemProxy */;
		};
		5150265F1FA8F7530056FEB7 /* PBXTargetDependency */ = {
			isa = PBXTargetDependency;
			target = 5150263A1FA8F7530056FEB7 /* iLittle */;
			targetProxy = 5150265E1FA8F7530056FEB7 /* PBXContainerItemProxy */;
		};
/* End PBXTargetDependency section */

/* Begin PBXVariantGroup section */
		515026421FA8F7530056FEB7 /* Main.storyboard */ = {
			isa = PBXVariantGroup;
			children = (
				515026431FA8F7530056FEB7 /* Base */,
			);
			name = Main.storyboard;
			sourceTree = "<group>";
		};
		5150264A1FA8F7530056FEB7 /* LaunchScreen.storyboard */ = {
			isa = PBXVariantGroup;
			children = (
				5150264B1FA8F7530056FEB7 /* Base */,
			);
			name = LaunchScreen.storyboard;
			sourceTree = "<group>";
		};
/* End PBXVariantGroup section */

/* Begin XCBuildConfiguration section */
		515026641FA8F7530056FEB7 /* Debug */ = {
			isa = XCBuildConfiguration;
			buildSettings = {
				ALWAYS_SEARCH_USER_PATHS = NO;
				CLANG_ANALYZER_NONNULL = YES;
				CLANG_ANALYZER_NUMBER_OBJECT_CONVERSION = YES_AGGRESSIVE;
				CLANG_CXX_LANGUAGE_STANDARD = "gnu++14";
				CLANG_CXX_LIBRARY = "libc++";
				CLANG_ENABLE_MODULES = YES;
				CLANG_ENABLE_OBJC_ARC = YES;
				CLANG_WARN_BLOCK_CAPTURE_AUTORELEASING = YES;
				CLANG_WARN_BOOL_CONVERSION = YES;
				CLANG_WARN_COMMA = YES;
				CLANG_WARN_CONSTANT_CONVERSION = YES;
				CLANG_WARN_DIRECT_OBJC_ISA_USAGE = YES_ERROR;
				CLANG_WARN_DOCUMENTATION_COMMENTS = YES;
				CLANG_WARN_EMPTY_BODY = YES;
				CLANG_WARN_ENUM_CONVERSION = YES;
				CLANG_WARN_INFINITE_RECURSION = YES;
				CLANG_WARN_INT_CONVERSION = YES;
				CLANG_WARN_NON_LITERAL_NULL_CONVERSION = YES;
				CLANG_WARN_OBJC_LITERAL_CONVERSION = YES;
				CLANG_WARN_OBJC_ROOT_CLASS = YES_ERROR;
				CLANG_WARN_RANGE_LOOP_ANALYSIS = YES;
				CLANG_WARN_STRICT_PROTOTYPES = YES;
				CLANG_WARN_SUSPICIOUS_MOVE = YES;
				CLANG_WARN_UNGUARDED_AVAILABILITY = YES_AGGRESSIVE;
				CLANG_WARN_UNREACHABLE_CODE = YES;
				CLANG_WARN__DUPLICATE_METHOD_MATCH = YES;
				CODE_SIGN_IDENTITY = "iPhone Developer";
				COPY_PHASE_STRIP = NO;
				DEBUG_INFORMATION_FORMAT = dwarf;
				ENABLE_STRICT_OBJC_MSGSEND = YES;
				ENABLE_TESTABILITY = YES;
				GCC_C_LANGUAGE_STANDARD = gnu11;
				GCC_DYNAMIC_NO_PIC = NO;
				GCC_NO_COMMON_BLOCKS = YES;
				GCC_OPTIMIZATION_LEVEL = 0;
				GCC_PREPROCESSOR_DEFINITIONS = (
					"DEBUG=1",
					"$(inherited)",
				);
				GCC_WARN_64_TO_32_BIT_CONVERSION = YES;
				GCC_WARN_ABOUT_RETURN_TYPE = YES_ERROR;
				GCC_WARN_UNDECLARED_SELECTOR = YES;
				GCC_WARN_UNINITIALIZED_AUTOS = YES_AGGRESSIVE;
				GCC_WARN_UNUSED_FUNCTION = YES;
				GCC_WARN_UNUSED_VARIABLE = YES;
				IPHONEOS_DEPLOYMENT_TARGET = 11.0;
				MTL_ENABLE_DEBUG_INFO = YES;
				ONLY_ACTIVE_ARCH = YES;
				SDKROOT = iphoneos;
				SWIFT_ACTIVE_COMPILATION_CONDITIONS = DEBUG;
				SWIFT_OPTIMIZATION_LEVEL = "-Onone";
			};
			name = Debug;
		};
		515026651FA8F7530056FEB7 /* Release */ = {
			isa = XCBuildConfiguration;
			buildSettings = {
				ALWAYS_SEARCH_USER_PATHS = NO;
				CLANG_ANALYZER_NONNULL = YES;
				CLANG_ANALYZER_NUMBER_OBJECT_CONVERSION = YES_AGGRESSIVE;
				CLANG_CXX_LANGUAGE_STANDARD = "gnu++14";
				CLANG_CXX_LIBRARY = "libc++";
				CLANG_ENABLE_MODULES = YES;
				CLANG_ENABLE_OBJC_ARC = YES;
				CLANG_WARN_BLOCK_CAPTURE_AUTORELEASING = YES;
				CLANG_WARN_BOOL_CONVERSION = YES;
				CLANG_WARN_COMMA = YES;
				CLANG_WARN_CONSTANT_CONVERSION = YES;
				CLANG_WARN_DIRECT_OBJC_ISA_USAGE = YES_ERROR;
				CLANG_WARN_DOCUMENTATION_COMMENTS = YES;
				CLANG_WARN_EMPTY_BODY = YES;
				CLANG_WARN_ENUM_CONVERSION = YES;
				CLANG_WARN_INFINITE_RECURSION = YES;
				CLANG_WARN_INT_CONVERSION = YES;
				CLANG_WARN_NON_LITERAL_NULL_CONVERSION = YES;
				CLANG_WARN_OBJC_LITERAL_CONVERSION = YES;
				CLANG_WARN_OBJC_ROOT_CLASS = YES_ERROR;
				CLANG_WARN_RANGE_LOOP_ANALYSIS = YES;
				CLANG_WARN_STRICT_PROTOTYPES = YES;
				CLANG_WARN_SUSPICIOUS_MOVE = YES;
				CLANG_WARN_UNGUARDED_AVAILABILITY = YES_AGGRESSIVE;
				CLANG_WARN_UNREACHABLE_CODE = YES;
				CLANG_WARN__DUPLICATE_METHOD_MATCH = YES;
				CODE_SIGN_IDENTITY = "iPhone Developer";
				COPY_PHASE_STRIP = NO;
				DEBUG_INFORMATION_FORMAT = "dwarf-with-dsym";
				ENABLE_NS_ASSERTIONS = NO;
				ENABLE_STRICT_OBJC_MSGSEND = YES;
				GCC_C_LANGUAGE_STANDARD = gnu11;
				GCC_NO_COMMON_BLOCKS = YES;
				GCC_WARN_64_TO_32_BIT_CONVERSION = YES;
				GCC_WARN_ABOUT_RETURN_TYPE = YES_ERROR;
				GCC_WARN_UNDECLARED_SELECTOR = YES;
				GCC_WARN_UNINITIALIZED_AUTOS = YES_AGGRESSIVE;
				GCC_WARN_UNUSED_FUNCTION = YES;
				GCC_WARN_UNUSED_VARIABLE = YES;
				IPHONEOS_DEPLOYMENT_TARGET = 11.0;
				MTL_ENABLE_DEBUG_INFO = NO;
				SDKROOT = iphoneos;
				SWIFT_OPTIMIZATION_LEVEL = "-Owholemodule";
				VALIDATE_PRODUCT = YES;
			};
			name = Release;
		};
		515026671FA8F7530056FEB7 /* Debug */ = {
			isa = XCBuildConfiguration;
			baseConfigurationReference = C34F1803190D6849337FF116 /* Pods-iLittle.debug.xcconfig */;
			buildSettings = {
				ASSETCATALOG_COMPILER_APPICON_NAME = AppIcon;
				CODE_SIGN_STYLE = Automatic;
				INFOPLIST_FILE = iLittle/Info.plist;
				LD_RUNPATH_SEARCH_PATHS = "$(inherited) @executable_path/Frameworks";
				PRODUCT_BUNDLE_IDENTIFIER = com.ronylevari.iLittle;
				PRODUCT_NAME = "$(TARGET_NAME)";
				SWIFT_VERSION = 4.0;
				TARGETED_DEVICE_FAMILY = "1,2";
			};
			name = Debug;
		};
		515026681FA8F7530056FEB7 /* Release */ = {
			isa = XCBuildConfiguration;
			baseConfigurationReference = 4B6A531D7FEF5725F3377C35 /* Pods-iLittle.release.xcconfig */;
			buildSettings = {
				ASSETCATALOG_COMPILER_APPICON_NAME = AppIcon;
				CODE_SIGN_STYLE = Automatic;
				INFOPLIST_FILE = iLittle/Info.plist;
				LD_RUNPATH_SEARCH_PATHS = "$(inherited) @executable_path/Frameworks";
				PRODUCT_BUNDLE_IDENTIFIER = com.ronylevari.iLittle;
				PRODUCT_NAME = "$(TARGET_NAME)";
				SWIFT_VERSION = 4.0;
				TARGETED_DEVICE_FAMILY = "1,2";
			};
			name = Release;
		};
		5150266A1FA8F7530056FEB7 /* Debug */ = {
			isa = XCBuildConfiguration;
			baseConfigurationReference = 21B9B533F1D0A9091EA186F0 /* Pods-iLittleTests.debug.xcconfig */;
			buildSettings = {
				ALWAYS_EMBED_SWIFT_STANDARD_LIBRARIES = YES;
				BUNDLE_LOADER = "$(TEST_HOST)";
				CODE_SIGN_STYLE = Automatic;
				INFOPLIST_FILE = iLittleTests/Info.plist;
				LD_RUNPATH_SEARCH_PATHS = "$(inherited) @executable_path/Frameworks @loader_path/Frameworks";
				PRODUCT_BUNDLE_IDENTIFIER = com.ronylevari.iLittleTests;
				PRODUCT_NAME = "$(TARGET_NAME)";
				SWIFT_VERSION = 4.0;
				TARGETED_DEVICE_FAMILY = "1,2";
				TEST_HOST = "$(BUILT_PRODUCTS_DIR)/iLittle.app/iLittle";
			};
			name = Debug;
		};
		5150266B1FA8F7530056FEB7 /* Release */ = {
			isa = XCBuildConfiguration;
			baseConfigurationReference = 99E2332B8BAF1E88D41825D9 /* Pods-iLittleTests.release.xcconfig */;
			buildSettings = {
				ALWAYS_EMBED_SWIFT_STANDARD_LIBRARIES = YES;
				BUNDLE_LOADER = "$(TEST_HOST)";
				CODE_SIGN_STYLE = Automatic;
				INFOPLIST_FILE = iLittleTests/Info.plist;
				LD_RUNPATH_SEARCH_PATHS = "$(inherited) @executable_path/Frameworks @loader_path/Frameworks";
				PRODUCT_BUNDLE_IDENTIFIER = com.ronylevari.iLittleTests;
				PRODUCT_NAME = "$(TARGET_NAME)";
				SWIFT_VERSION = 4.0;
				TARGETED_DEVICE_FAMILY = "1,2";
				TEST_HOST = "$(BUILT_PRODUCTS_DIR)/iLittle.app/iLittle";
			};
			name = Release;
		};
		5150266D1FA8F7530056FEB7 /* Debug */ = {
			isa = XCBuildConfiguration;
			baseConfigurationReference = 5A6297D159C159936A3DC384 /* Pods-iLittleUITests.debug.xcconfig */;
			buildSettings = {
				ALWAYS_EMBED_SWIFT_STANDARD_LIBRARIES = YES;
				CODE_SIGN_STYLE = Automatic;
				INFOPLIST_FILE = iLittleUITests/Info.plist;
				LD_RUNPATH_SEARCH_PATHS = "$(inherited) @executable_path/Frameworks @loader_path/Frameworks";
				PRODUCT_BUNDLE_IDENTIFIER = com.ronylevari.iLittleUITests;
				PRODUCT_NAME = "$(TARGET_NAME)";
				SWIFT_VERSION = 4.0;
				TARGETED_DEVICE_FAMILY = "1,2";
				TEST_TARGET_NAME = iLittle;
			};
			name = Debug;
		};
		5150266E1FA8F7530056FEB7 /* Release */ = {
			isa = XCBuildConfiguration;
			baseConfigurationReference = AE62FCACFACF3FE56965EFA6 /* Pods-iLittleUITests.release.xcconfig */;
			buildSettings = {
				ALWAYS_EMBED_SWIFT_STANDARD_LIBRARIES = YES;
				CODE_SIGN_STYLE = Automatic;
				INFOPLIST_FILE = iLittleUITests/Info.plist;
				LD_RUNPATH_SEARCH_PATHS = "$(inherited) @executable_path/Frameworks @loader_path/Frameworks";
				PRODUCT_BUNDLE_IDENTIFIER = com.ronylevari.iLittleUITests;
				PRODUCT_NAME = "$(TARGET_NAME)";
				SWIFT_VERSION = 4.0;
				TARGETED_DEVICE_FAMILY = "1,2";
				TEST_TARGET_NAME = iLittle;
			};
			name = Release;
		};
/* End XCBuildConfiguration section */

/* Begin XCConfigurationList section */
		515026361FA8F7530056FEB7 /* Build configuration list for PBXProject "iLittle" */ = {
			isa = XCConfigurationList;
			buildConfigurations = (
				515026641FA8F7530056FEB7 /* Debug */,
				515026651FA8F7530056FEB7 /* Release */,
			);
			defaultConfigurationIsVisible = 0;
			defaultConfigurationName = Release;
		};
		515026661FA8F7530056FEB7 /* Build configuration list for PBXNativeTarget "iLittle" */ = {
			isa = XCConfigurationList;
			buildConfigurations = (
				515026671FA8F7530056FEB7 /* Debug */,
				515026681FA8F7530056FEB7 /* Release */,
			);
			defaultConfigurationIsVisible = 0;
			defaultConfigurationName = Release;
		};
		515026691FA8F7530056FEB7 /* Build configuration list for PBXNativeTarget "iLittleTests" */ = {
			isa = XCConfigurationList;
			buildConfigurations = (
				5150266A1FA8F7530056FEB7 /* Debug */,
				5150266B1FA8F7530056FEB7 /* Release */,
			);
			defaultConfigurationIsVisible = 0;
			defaultConfigurationName = Release;
		};
		5150266C1FA8F7530056FEB7 /* Build configuration list for PBXNativeTarget "iLittleUITests" */ = {
			isa = XCConfigurationList;
			buildConfigurations = (
				5150266D1FA8F7530056FEB7 /* Debug */,
				5150266E1FA8F7530056FEB7 /* Release */,
			);
			defaultConfigurationIsVisible = 0;
			defaultConfigurationName = Release;
		};
/* End XCConfigurationList section */

/* Begin XCVersionGroup section */
		515026451FA8F7530056FEB7 /* iLittle.xcdatamodeld */ = {
			isa = XCVersionGroup;
			children = (
				515026461FA8F7530056FEB7 /* iLittle.xcdatamodel */,
			);
			currentVersion = 515026461FA8F7530056FEB7 /* iLittle.xcdatamodel */;
			path = iLittle.xcdatamodeld;
			sourceTree = "<group>";
			versionGroupType = wrapper.xcdatamodel;
		};
/* End XCVersionGroup section */
	};
	rootObject = 515026331FA8F7530056FEB7 /* Project object */;
}
